
Microsoft Visual Studio Solution File, Format Version 12.00
# Visual Studio Version 16
VisualStudioVersion = 16.0.809.7
MinimumVisualStudioVersion = 10.0.40219.1
Project("{FAE04EC0-301F-11D3-BF4B-00C04F79EFBC}") = "dev-you-hw-mini-trivia", "dev-you-hw-mini-trivia\dev-you-hw-mini-trivia.csproj", "{C31D5B49-4A4A-42A6-8A7D-06D852DBC153}"
EndProject
Global
	GlobalSection(SolutionConfigurationPlatforms) = preSolution
		Debug|Any CPU = Debug|Any CPU
		Release|Any CPU = Release|Any CPU
	EndGlobalSection
	GlobalSection(ProjectConfigurationPlatforms) = postSolution
		{C31D5B49-4A4A-42A6-8A7D-06D852DBC153}.Debug|Any CPU.ActiveCfg = Debug|Any CPU
		{C31D5B49-4A4A-42A6-8A7D-06D852DBC153}.Debug|Any CPU.Build.0 = Debug|Any CPU
		{C31D5B49-4A4A-42A6-8A7D-06D852DBC153}.Release|Any CPU.ActiveCfg = Release|Any CPU
		{C31D5B49-4A4A-42A6-8A7D-06D852DBC153}.Release|Any CPU.Build.0 = Release|Any CPU
	EndGlobalSection
	GlobalSection(SolutionProperties) = preSolution
		HideSolutionNode = FALSE
	EndGlobalSection
	GlobalSection(ExtensibilityGlobals) = postSolution
		SolutionGuid = {D7D85FED-8EDB-4AF3-9654-5BE42E058261}
	EndGlobalSection
EndGlobal
